
Microsoft Visual Studio Solution File, Format Version 12.00
# Visual Studio Version 16
VisualStudioVersion = 25.0.1706.7
MinimumVisualStudioVersion = 10.0.40219.1
Project("{FAE04EC0-301F-11D3-BF4B-00C04F79EFBC}") = "Example", "Example\Example.csproj", "{DE0574A9-21BC-42A2-B774-44C60FF8595F}"
EndProject
Project("{2150E333-8FDC-42A3-9474-1A3956D46DE8}") = "Solution Items", "Solution Items", "{FBD28002-7EB9-45D1-BA3A-B98E233BC77E}"
	ProjectSection(SolutionItems) = preProject
		.editorconfig = .editorconfig
	EndProjectSection
EndProject
Global
	GlobalSection(SolutionConfigurationPlatforms) = preSolution
		Debug|Any CPU = Debug|Any CPU
		Release|Any CPU = Release|Any CPU
	EndGlobalSection
	GlobalSection(ProjectConfigurationPlatforms) = postSolution
		{DE0574A9-21BC-42A2-B774-44C60FF8595F}.Debug|Any CPU.ActiveCfg = Debug|Any CPU
		{DE0574A9-21BC-42A2-B774-44C60FF8595F}.Debug|Any CPU.Build.0 = Debug|Any CPU
		{DE0574A9-21BC-42A2-B774-44C60FF8595F}.Release|Any CPU.ActiveCfg = Release|Any CPU
		{DE0574A9-21BC-42A2-B774-44C60FF8595F}.Release|Any CPU.Build.0 = Release|Any CPU
	EndGlobalSection
	GlobalSection(SolutionProperties) = preSolution
		HideSolutionNode = FALSE
	EndGlobalSection
	GlobalSection(ExtensibilityGlobals) = postSolution
		SolutionGuid = {E5ECB101-7190-4073-A8FB-1509079180FD}
	EndGlobalSection
EndGlobal
